{
    "_readme": [
        "This file locks the dependencies of your project to a known state",
        "Read more about it at https://getcomposer.org/doc/01-basic-usage.md#composer-lock-the-lock-file",
        "This file is @generated automatically"
    ],
    "hash": "e2d3c73c388295d1ae435e01b71d0d8f",
    "content-hash": "4337147917e8c46c17b4c468a8c5062d",
    "packages": [
        {
            "name": "braga/db",
            "version": "dev-trunk",
            "source": {
                "type": "svn",
                "url": "https://svn.code.sf.net/p/braga/code/db",
                "reference": "/trunk/@33"
            },
            "require": {
                "braga/tools": ">=1.0.0",
                "php": ">=5.4.0"
            },
            "type": "library",
            "autoload": {
                "psr-4": {
                    "braga\\db\\": "src"
                }
            },
            "notification-url": "https://packagist.org/downloads/",
            "license": [
                "MIT"
            ],
            "authors": [
                {
                    "name": "Tomasz Gajewski",
                    "email": "tgajewski007@gmail.com",
                    "role": "Developer"
                }
            ],
            "description": "DB Wraper",
            "homepage": "https://sourceforge.net/projects/braga/",
            "keywords": [
                "db",
                "mysql",
                "oracle",
                "pdo"
            ],
            "time": "2016-09-04 13:03:46"
        },
        {
            "name": "braga/tools",
            "version": "1.0.0",
            "source": {
                "type": "svn",
                "url": "https://svn.code.sf.net/p/braga/code/tools",
                "reference": "/tags/1.0.0/@26"
            },
            "require": {
                "php": ">=5.4"
            },
            "type": "library",
            "autoload": {
                "psr-4": {
                    "braga\\tools\\": "src"
                }
            },
            "notification-url": "https://packagist.org/downloads/",
            "license": [
                "MIT"
            ],
            "description": "Many difrent tools lib",
            "keywords": [
                "libs",
                "tools"
            ],
            "time": "2016-09-04 12:03:55"
        }
    ],
    "packages-dev": [],
    "aliases": [],
    "minimum-stability": "stable",
    "stability-flags": {
        "braga/db": 20
    },
    "prefer-stable": false,
    "prefer-lowest": false,
    "platform": [],
    "platform-dev": []
}
